{
  "name": "bot-for-food",
  "version": "1.0.0",
  "lockfileVersion": 1,
  "requires": true,
  "dependencies": {
    "@uirouter/core": {
      "version": "6.0.1",
      "resolved": "https://registry.npmjs.org/@uirouter/core/-/core-6.0.1.tgz",
      "integrity": "sha512-mHCutiHtDDRKYmrJ92XPKDoSb2bgqaDyUpHdF4hUE+riwgkCvGdBjL8u+VDTcV3slBAk6B0LBIOIajjWkkObbQ=="
    },
    "angular": {
      "version": "1.7.8",
      "resolved": "https://registry.npmjs.org/angular/-/angular-1.7.8.tgz",
      "integrity": "sha512-wtef/y4COxM7ZVhddd7JtAAhyYObq9YXKar9tsW7558BImeVYteJiTxCKeJOL45lJ/+7B4wrAC49j8gTFYEthg=="
    },
    "angular-animate": {
      "version": "1.7.8",
      "resolved": "https://registry.npmjs.org/angular-animate/-/angular-animate-1.7.8.tgz",
      "integrity": "sha512-bINtzizq7TbJzfVrDpwLfTxVl0Qd7fRNWFb5jKYI1vaFZobQNX/QONXlLow6ySsDbZ6eLECycB7mvWtfh1YYaw=="
    },
    "angular-aria": {
      "version": "1.7.8",
      "resolved": "https://registry.npmjs.org/angular-aria/-/angular-aria-1.7.8.tgz",
      "integrity": "sha512-facq/111sZKL2wUUqRA1GnGt+lZ8KAcX9Aw04cNA+OyEkoaoRC77NY4VSOTQxghlSd0OPAdLeFnmETnuiWrpLg=="
    },
    "angular-material": {
      "version": "1.1.20",
      "resolved": "https://registry.npmjs.org/angular-material/-/angular-material-1.1.20.tgz",
      "integrity": "sha512-R2jILX9g7AVvEZbIMqEp8mkjlH/iSrDG150pCSzL7+6PHdi4dYuyXNRtYlpYKe+72Q4fIV4YBYSxepNob3hU9A=="
    },
    "angular-material-icons": {
      "version": "0.7.1",
      "resolved": "https://registry.npmjs.org/angular-material-icons/-/angular-material-icons-0.7.1.tgz",
      "integrity": "sha1-5eq0hTthwzH1j55+blS24dZeT5s=",
      "requires": {
        "angular": "1.7.8"
      }
    },
    "angular-messages": {
      "version": "1.7.9",
      "resolved": "https://registry.npmjs.org/angular-messages/-/angular-messages-1.7.9.tgz",
      "integrity": "sha512-OdJihuO6AW+m1/r9OdW5riCwacn3dL1agQvgu6Cww3a7OARXXN0vxOpsZCNk4yg4CuD7Et3tiz4DymhvZkydvw=="
    },
    "angular-route": {
      "version": "1.7.8",
      "resolved": "https://registry.npmjs.org/angular-route/-/angular-route-1.7.8.tgz",
      "integrity": "sha512-VVk89PH0fsY5kfbx+N7IVX1IwnaPWYhMGY0uA+rjej2v1sjvrTx1SLkxUK4E0UpW1hXeLJhN7ncBcwoBiPtAtA=="
    },
    "angular-ui-router": {
      "version": "1.0.23",
      "resolved": "https://registry.npmjs.org/angular-ui-router/-/angular-ui-router-1.0.23.tgz",
      "integrity": "sha512-l1bzkqCtcP9CrhlFQ0vJ8pGAfwF/bxRedCO2yB3HCYdrDkf487/ZNSreYc2jR5t9rgF/6oM++ZplCcCFMxRoWg==",
      "requires": {
        "@uirouter/core": "6.0.1"
      }
    },
    "md-date-range-picker": {
      "version": "0.8.4",
      "resolved": "https://registry.npmjs.org/md-date-range-picker/-/md-date-range-picker-0.8.4.tgz",
      "integrity": "sha512-TgLyozMJypi92yvXaljLcermTFhd1+0rlaVwV+Duo0EplbKfDJfFF3WohWhB7VmPwJNP//o44sUlecY+r/ZvXA==",
      "requires": {
        "angular": "1.7.8",
        "angular-animate": "1.7.8",
        "angular-aria": "1.7.8",
        "angular-material": "1.1.20",
        "angular-messages": "1.7.9"
      }
    },
    "underscore": {
      "version": "1.9.1",
      "resolved": "https://registry.npmjs.org/underscore/-/underscore-1.9.1.tgz",
      "integrity": "sha512-5/4etnCkd9c8gwgowi5/om/mYO5ajCaOgdzj/oW+0eQV9WxKBDZw5+ycmKmeaTXjInS/W0BzpGLo2xR2aBwZdg=="
    }
  }
}
